
Microsoft Visual Studio Solution File, Format Version 12.00
# Visual Studio Version 16
VisualStudioVersion = 16.0.30114.105
MinimumVisualStudioVersion = 10.0.40219.1
Project("{FAE04EC0-301F-11D3-BF4B-00C04F79EFBC}") = "AtCoderSnippet", "AtCoderSnippet.csproj", "{3EF3668C-373C-4685-9613-361235298999}"
EndProject
Global
	GlobalSection(SolutionConfigurationPlatforms) = preSolution
		Debug|Any CPU = Debug|Any CPU
		Release|Any CPU = Release|Any CPU
	EndGlobalSection
	GlobalSection(ProjectConfigurationPlatforms) = postSolution
		{3EF3668C-373C-4685-9613-361235298999}.Debug|Any CPU.ActiveCfg = Debug|Any CPU
		{3EF3668C-373C-4685-9613-361235298999}.Debug|Any CPU.Build.0 = Debug|Any CPU
		{3EF3668C-373C-4685-9613-361235298999}.Release|Any CPU.ActiveCfg = Release|Any CPU
		{3EF3668C-373C-4685-9613-361235298999}.Release|Any CPU.Build.0 = Release|Any CPU
	EndGlobalSection
	GlobalSection(SolutionProperties) = preSolution
		HideSolutionNode = FALSE
	EndGlobalSection
	GlobalSection(ExtensibilityGlobals) = postSolution
		SolutionGuid = {0F2573D2-0142-4A6D-A708-89D1E84511FA}
	EndGlobalSection
EndGlobal
